
Microsoft Visual Studio Solution File, Format Version 12.00
# Visual Studio Version 17
VisualStudioVersion = 17.9.34723.18
MinimumVisualStudioVersion = 10.0.40219.1
Project("{888888A0-9F3D-457C-B088-3A5042F75D52}") = "the mather 1.0", "the mather 1.0.pyproj", "{BAFACFB3-3A3E-404A-94E7-7CCE56C3A909}"
EndProject
Global
	GlobalSection(SolutionConfigurationPlatforms) = preSolution
		Debug|Any CPU = Debug|Any CPU
		Release|Any CPU = Release|Any CPU
	EndGlobalSection
	GlobalSection(ProjectConfigurationPlatforms) = postSolution
		{BAFACFB3-3A3E-404A-94E7-7CCE56C3A909}.Debug|Any CPU.ActiveCfg = Debug|Any CPU
		{BAFACFB3-3A3E-404A-94E7-7CCE56C3A909}.Release|Any CPU.ActiveCfg = Release|Any CPU
	EndGlobalSection
	GlobalSection(SolutionProperties) = preSolution
		HideSolutionNode = FALSE
	EndGlobalSection
	GlobalSection(ExtensibilityGlobals) = postSolution
		SolutionGuid = {8C801FA3-50DF-470B-B388-D077A3817650}
	EndGlobalSection
EndGlobal
